// !$*UTF8*$!
{
	archiveVersion = 1;
	classes = {
	};
	objectVersion = 50;
	objects = {

/* Begin PBXBuildFile section */
		841564152604DDA400C71C30 /* imgui_widgets.cpp in Sources */ = {isa = PBXBuildFile; fileRef = 841564062604DDA400C71C30 /* imgui_widgets.cpp */; };
		841564162604DDA400C71C30 /* imgui_draw.cpp in Sources */ = {isa = PBXBuildFile; fileRef = 841564092604DDA400C71C30 /* imgui_draw.cpp */; };
		841564172604DDA400C71C30 /* imgui_impl_opengl3.cpp in Sources */ = {isa = PBXBuildFile; fileRef = 8415640A2604DDA400C71C30 /* imgui_impl_opengl3.cpp */; };
		841564182604DDA400C71C30 /* imgui_impl_glfw.cpp in Sources */ = {isa = PBXBuildFile; fileRef = 8415640D2604DDA400C71C30 /* imgui_impl_glfw.cpp */; };
		841564192604DDA400C71C30 /* imgui.cpp in Sources */ = {isa = PBXBuildFile; fileRef = 8415640E2604DDA400C71C30 /* imgui.cpp */; };
		8415641A2604DDA400C71C30 /* imgui_tables.cpp in Sources */ = {isa = PBXBuildFile; fileRef = 8415640F2604DDA400C71C30 /* imgui_tables.cpp */; };
		8415641B2604DDA400C71C30 /* imgui_demo.cpp in Sources */ = {isa = PBXBuildFile; fileRef = 841564112604DDA400C71C30 /* imgui_demo.cpp */; };
		8483B8D325E4C135002B13DC /* main.cpp in Sources */ = {isa = PBXBuildFile; fileRef = 8483B8D225E4C135002B13DC /* main.cpp */; };
		8483B8DC25E4C313002B13DC /* glad.c in Sources */ = {isa = PBXBuildFile; fileRef = 8483B8DB25E4C313002B13DC /* glad.c */; };
		8483B8E425E4CAAF002B13DC /* OpenGL.framework in Frameworks */ = {isa = PBXBuildFile; fileRef = 8483B8E325E4CAAF002B13DC /* OpenGL.framework */; };
		8483B8E725E4CAFD002B13DC /* libglfw.3.3.dylib in Frameworks */ = {isa = PBXBuildFile; fileRef = 8483B8E625E4CAFD002B13DC /* libglfw.3.3.dylib */; };
		8483B8E925E4CB11002B13DC /* Cocoa.framework in Frameworks */ = {isa = PBXBuildFile; fileRef = 8483B8E825E4CB11002B13DC /* Cocoa.framework */; };
		8483B8EB25E4CB19002B13DC /* IOKit.framework in Frameworks */ = {isa = PBXBuildFile; fileRef = 8483B8EA25E4CB19002B13DC /* IOKit.framework */; };
		8483B8ED25E4CB21002B13DC /* CoreVideo.framework in Frameworks */ = {isa = PBXBuildFile; fileRef = 8483B8EC25E4CB21002B13DC /* CoreVideo.framework */; };
		84DBB38A25EBD98A0036CA56 /* libGLEW.2.2.0.dylib in Frameworks */ = {isa = PBXBuildFile; fileRef = 84DBB38925EBD98A0036CA56 /* libGLEW.2.2.0.dylib */; };
		84DBB38B25EBD98A0036CA56 /* libGLEW.2.2.0.dylib in Embed Libraries */ = {isa = PBXBuildFile; fileRef = 84DBB38925EBD98A0036CA56 /* libGLEW.2.2.0.dylib */; settings = {ATTRIBUTES = (CodeSignOnCopy, ); }; };
		84DBB39225F0BAB90036CA56 /* Shader.cpp in Sources */ = {isa = PBXBuildFile; fileRef = 84DBB39025F0BAB90036CA56 /* Shader.cpp */; };
		84E8BCED25F755E900C72624 /* Camera.cpp in Sources */ = {isa = PBXBuildFile; fileRef = 84E8BCEB25F755E900C72624 /* Camera.cpp */; };
/* End PBXBuildFile section */

/* Begin PBXCopyFilesBuildPhase section */
		8483B8CD25E4C135002B13DC /* CopyFiles */ = {
			isa = PBXCopyFilesBuildPhase;
			buildActionMask = 2147483647;
			dstPath = /usr/share/man/man1/;
			dstSubfolderSpec = 0;
			files = (
			);
			runOnlyForDeploymentPostprocessing = 1;
		};
		84DBB38C25EBD98A0036CA56 /* Embed Libraries */ = {
			isa = PBXCopyFilesBuildPhase;
			buildActionMask = 2147483647;
			dstPath = "";
			dstSubfolderSpec = 10;
			files = (
				84DBB38B25EBD98A0036CA56 /* libGLEW.2.2.0.dylib in Embed Libraries */,
			);
			name = "Embed Libraries";
			runOnlyForDeploymentPostprocessing = 0;
		};
/* End PBXCopyFilesBuildPhase section */

/* Begin PBXFileReference section */
		841564062604DDA400C71C30 /* imgui_widgets.cpp */ = {isa = PBXFileReference; fileEncoding = 4; lastKnownFileType = sourcecode.cpp.cpp; path = imgui_widgets.cpp; sourceTree = "<group>"; };
		841564072604DDA400C71C30 /* imgui.h */ = {isa = PBXFileReference; fileEncoding = 4; lastKnownFileType = sourcecode.c.h; path = imgui.h; sourceTree = "<group>"; };
		841564082604DDA400C71C30 /* imgui_impl_glfw.h */ = {isa = PBXFileReference; fileEncoding = 4; lastKnownFileType = sourcecode.c.h; path = imgui_impl_glfw.h; sourceTree = "<group>"; };
		841564092604DDA400C71C30 /* imgui_draw.cpp */ = {isa = PBXFileReference; fileEncoding = 4; lastKnownFileType = sourcecode.cpp.cpp; path = imgui_draw.cpp; sourceTree = "<group>"; };
		8415640A2604DDA400C71C30 /* imgui_impl_opengl3.cpp */ = {isa = PBXFileReference; fileEncoding = 4; lastKnownFileType = sourcecode.cpp.cpp; path = imgui_impl_opengl3.cpp; sourceTree = "<group>"; };
		8415640B2604DDA400C71C30 /* imgui_internal.h */ = {isa = PBXFileReference; fileEncoding = 4; lastKnownFileType = sourcecode.c.h; path = imgui_internal.h; sourceTree = "<group>"; };
		8415640C2604DDA400C71C30 /* imstb_rectpack.h */ = {isa = PBXFileReference; fileEncoding = 4; lastKnownFileType = sourcecode.c.h; path = imstb_rectpack.h; sourceTree = "<group>"; };
		8415640D2604DDA400C71C30 /* imgui_impl_glfw.cpp */ = {isa = PBXFileReference; fileEncoding = 4; lastKnownFileType = sourcecode.cpp.cpp; path = imgui_impl_glfw.cpp; sourceTree = "<group>"; };
		8415640E2604DDA400C71C30 /* imgui.cpp */ = {isa = PBXFileReference; fileEncoding = 4; lastKnownFileType = sourcecode.cpp.cpp; path = imgui.cpp; sourceTree = "<group>"; };
		8415640F2604DDA400C71C30 /* imgui_tables.cpp */ = {isa = PBXFileReference; fileEncoding = 4; lastKnownFileType = sourcecode.cpp.cpp; path = imgui_tables.cpp; sourceTree = "<group>"; };
		841564102604DDA400C71C30 /* imstb_truetype.h */ = {isa = PBXFileReference; fileEncoding = 4; lastKnownFileType = sourcecode.c.h; path = imstb_truetype.h; sourceTree = "<group>"; };
		841564112604DDA400C71C30 /* imgui_demo.cpp */ = {isa = PBXFileReference; fileEncoding = 4; lastKnownFileType = sourcecode.cpp.cpp; path = imgui_demo.cpp; sourceTree = "<group>"; };
		841564122604DDA400C71C30 /* imstb_textedit.h */ = {isa = PBXFileReference; fileEncoding = 4; lastKnownFileType = sourcecode.c.h; path = imstb_textedit.h; sourceTree = "<group>"; };
		841564132604DDA400C71C30 /* imgui_impl_opengl3.h */ = {isa = PBXFileReference; fileEncoding = 4; lastKnownFileType = sourcecode.c.h; path = imgui_impl_opengl3.h; sourceTree = "<group>"; };
		841564142604DDA400C71C30 /* imconfig.h */ = {isa = PBXFileReference; fileEncoding = 4; lastKnownFileType = sourcecode.c.h; path = imconfig.h; sourceTree = "<group>"; };
		8483B8CF25E4C135002B13DC /* LO01 */ = {isa = PBXFileReference; explicitFileType = "compiled.mach-o.executable"; includeInIndex = 0; path = LO01; sourceTree = BUILT_PRODUCTS_DIR; };
		8483B8D225E4C135002B13DC /* main.cpp */ = {isa = PBXFileReference; lastKnownFileType = sourcecode.cpp.cpp; path = main.cpp; sourceTree = "<group>"; };
		8483B8DB25E4C313002B13DC /* glad.c */ = {isa = PBXFileReference; fileEncoding = 4; lastKnownFileType = sourcecode.c.c; name = glad.c; path = ../../../Documents/Mylib/glad/src/glad.c; sourceTree = "<group>"; };
		8483B8E325E4CAAF002B13DC /* OpenGL.framework */ = {isa = PBXFileReference; lastKnownFileType = wrapper.framework; name = OpenGL.framework; path = System/Library/Frameworks/OpenGL.framework; sourceTree = SDKROOT; };
		8483B8E625E4CAFD002B13DC /* libglfw.3.3.dylib */ = {isa = PBXFileReference; lastKnownFileType = "compiled.mach-o.dylib"; name = libglfw.3.3.dylib; path = ../../../../usr/local/Cellar/glfw/3.3.2/lib/libglfw.3.3.dylib; sourceTree = "<group>"; };
		8483B8E825E4CB11002B13DC /* Cocoa.framework */ = {isa = PBXFileReference; lastKnownFileType = wrapper.framework; name = Cocoa.framework; path = System/Library/Frameworks/Cocoa.framework; sourceTree = SDKROOT; };
		8483B8EA25E4CB19002B13DC /* IOKit.framework */ = {isa = PBXFileReference; lastKnownFileType = wrapper.framework; name = IOKit.framework; path = System/Library/Frameworks/IOKit.framework; sourceTree = SDKROOT; };
		8483B8EC25E4CB21002B13DC /* CoreVideo.framework */ = {isa = PBXFileReference; lastKnownFileType = wrapper.framework; name = CoreVideo.framework; path = System/Library/Frameworks/CoreVideo.framework; sourceTree = SDKROOT; };
		84AC31ED2606583B00498BC5 /* lightCubeVert.vert */ = {isa = PBXFileReference; lastKnownFileType = sourcecode.glsl; path = lightCubeVert.vert; sourceTree = "<group>"; };
		84AC31EE2606585E00498BC5 /* lightCubeFrag.frag */ = {isa = PBXFileReference; lastKnownFileType = sourcecode.glsl; path = lightCubeFrag.frag; sourceTree = "<group>"; };
		84DBB38925EBD98A0036CA56 /* libGLEW.2.2.0.dylib */ = {isa = PBXFileReference; lastKnownFileType = "compiled.mach-o.dylib"; name = libGLEW.2.2.0.dylib; path = ../../../../usr/local/Cellar/glew/2.2.0_1/lib/libGLEW.2.2.0.dylib; sourceTree = "<group>"; };
		84DBB39025F0BAB90036CA56 /* Shader.cpp */ = {isa = PBXFileReference; lastKnownFileType = sourcecode.cpp.cpp; path = Shader.cpp; sourceTree = "<group>"; };
		84DBB39325F0BADB0036CA56 /* Shader.h */ = {isa = PBXFileReference; fileEncoding = 4; lastKnownFileType = sourcecode.c.h; path = Shader.h; sourceTree = "<group>"; };
		84DBB39425F0C1180036CA56 /* fragmentSource.frag */ = {isa = PBXFileReference; lastKnownFileType = sourcecode.glsl; path = fragmentSource.frag; sourceTree = "<group>"; };
		84DBB39525F0C1260036CA56 /* vertexSource.vert */ = {isa = PBXFileReference; lastKnownFileType = sourcecode.glsl; path = vertexSource.vert; sourceTree = "<group>"; };
		84DBB39625F24FEB0036CA56 /* stb_image.h */ = {isa = PBXFileReference; fileEncoding = 4; lastKnownFileType = sourcecode.c.h; path = stb_image.h; sourceTree = "<group>"; };
		84DBB39A25F3A0FB0036CA56 /* container.jpg */ = {isa = PBXFileReference; lastKnownFileType = image.jpeg; path = container.jpg; sourceTree = "<group>"; };
		84DBB39B25F3AE590036CA56 /* awesomeface.jpg */ = {isa = PBXFileReference; lastKnownFileType = image.jpeg; path = awesomeface.jpg; sourceTree = "<group>"; };
		84E8BCEB25F755E900C72624 /* Camera.cpp */ = {isa = PBXFileReference; lastKnownFileType = sourcecode.cpp.cpp; path = Camera.cpp; sourceTree = "<group>"; };
		84E8BCEE25F7560C00C72624 /* Camera.h */ = {isa = PBXFileReference; fileEncoding = 4; lastKnownFileType = sourcecode.c.h; path = Camera.h; sourceTree = "<group>"; };
		84E8BCEF25F7E64B00C72624 /* libc++.tbd */ = {isa = PBXFileReference; lastKnownFileType = "sourcecode.text-based-dylib-definition"; name = "libc++.tbd"; path = "usr/lib/libc++.tbd"; sourceTree = SDKROOT; };
/* End PBXFileReference section */

/* Begin PBXFrameworksBuildPhase section */
		8483B8CC25E4C135002B13DC /* Frameworks */ = {
			isa = PBXFrameworksBuildPhase;
			buildActionMask = 2147483647;
			files = (
				8483B8ED25E4CB21002B13DC /* CoreVideo.framework in Frameworks */,
				84DBB38A25EBD98A0036CA56 /* libGLEW.2.2.0.dylib in Frameworks */,
				8483B8EB25E4CB19002B13DC /* IOKit.framework in Frameworks */,
				8483B8E925E4CB11002B13DC /* Cocoa.framework in Frameworks */,
				8483B8E725E4CAFD002B13DC /* libglfw.3.3.dylib in Frameworks */,
				8483B8E425E4CAAF002B13DC /* OpenGL.framework in Frameworks */,
			);
			runOnlyForDeploymentPostprocessing = 0;
		};
/* End PBXFrameworksBuildPhase section */

/* Begin PBXGroup section */
		8483B8C625E4C135002B13DC = {
			isa = PBXGroup;
			children = (
				8483B8D125E4C135002B13DC /* LO01 */,
				8483B8D025E4C135002B13DC /* Products */,
				8483B8E225E4CAAF002B13DC /* Frameworks */,
			);
			sourceTree = "<group>";
		};
		8483B8D025E4C135002B13DC /* Products */ = {
			isa = PBXGroup;
			children = (
				8483B8CF25E4C135002B13DC /* LO01 */,
			);
			name = Products;
			sourceTree = "<group>";
		};
		8483B8D125E4C135002B13DC /* LO01 */ = {
			isa = PBXGroup;
			children = (
				841564142604DDA400C71C30 /* imconfig.h */,
				841564112604DDA400C71C30 /* imgui_demo.cpp */,
				841564092604DDA400C71C30 /* imgui_draw.cpp */,
				8415640D2604DDA400C71C30 /* imgui_impl_glfw.cpp */,
				841564082604DDA400C71C30 /* imgui_impl_glfw.h */,
				8415640A2604DDA400C71C30 /* imgui_impl_opengl3.cpp */,
				841564132604DDA400C71C30 /* imgui_impl_opengl3.h */,
				8415640B2604DDA400C71C30 /* imgui_internal.h */,
				8415640F2604DDA400C71C30 /* imgui_tables.cpp */,
				841564062604DDA400C71C30 /* imgui_widgets.cpp */,
				8415640E2604DDA400C71C30 /* imgui.cpp */,
				841564072604DDA400C71C30 /* imgui.h */,
				8415640C2604DDA400C71C30 /* imstb_rectpack.h */,
				841564122604DDA400C71C30 /* imstb_textedit.h */,
				841564102604DDA400C71C30 /* imstb_truetype.h */,
				84DBB39625F24FEB0036CA56 /* stb_image.h */,
				8483B8DB25E4C313002B13DC /* glad.c */,
				84E8BCEE25F7560C00C72624 /* Camera.h */,
				84E8BCEB25F755E900C72624 /* Camera.cpp */,
				84DBB39325F0BADB0036CA56 /* Shader.h */,
				84DBB39025F0BAB90036CA56 /* Shader.cpp */,
				8483B8D225E4C135002B13DC /* main.cpp */,
				84DBB39425F0C1180036CA56 /* fragmentSource.frag */,
				84DBB39525F0C1260036CA56 /* vertexSource.vert */,
				84DBB39B25F3AE590036CA56 /* awesomeface.jpg */,
				84DBB39A25F3A0FB0036CA56 /* container.jpg */,
				84AC31ED2606583B00498BC5 /* lightCubeVert.vert */,
				84AC31EE2606585E00498BC5 /* lightCubeFrag.frag */,
			);
			path = LO01;
			sourceTree = "<group>";
		};
		8483B8E225E4CAAF002B13DC /* Frameworks */ = {
			isa = PBXGroup;
			children = (
				84E8BCEF25F7E64B00C72624 /* libc++.tbd */,
				84DBB38925EBD98A0036CA56 /* libGLEW.2.2.0.dylib */,
				8483B8EC25E4CB21002B13DC /* CoreVideo.framework */,
				8483B8EA25E4CB19002B13DC /* IOKit.framework */,
				8483B8E825E4CB11002B13DC /* Cocoa.framework */,
				8483B8E625E4CAFD002B13DC /* libglfw.3.3.dylib */,
				8483B8E325E4CAAF002B13DC /* OpenGL.framework */,
			);
			name = Frameworks;
			sourceTree = "<group>";
		};
/* End PBXGroup section */

/* Begin PBXNativeTarget section */
		8483B8CE25E4C135002B13DC /* LO01 */ = {
			isa = PBXNativeTarget;
			buildConfigurationList = 8483B8D625E4C135002B13DC /* Build configuration list for PBXNativeTarget "LO01" */;
			buildPhases = (
				8483B8CB25E4C135002B13DC /* Sources */,
				8483B8CC25E4C135002B13DC /* Frameworks */,
				8483B8CD25E4C135002B13DC /* CopyFiles */,
				84DBB38C25EBD98A0036CA56 /* Embed Libraries */,
			);
			buildRules = (
			);
			dependencies = (
			);
			name = LO01;
			productName = LO01;
			productReference = 8483B8CF25E4C135002B13DC /* LO01 */;
			productType = "com.apple.product-type.tool";
		};
/* End PBXNativeTarget section */

/* Begin PBXProject section */
		8483B8C725E4C135002B13DC /* Project object */ = {
			isa = PBXProject;
			attributes = {
				LastUpgradeCheck = 1240;
				TargetAttributes = {
					8483B8CE25E4C135002B13DC = {
						CreatedOnToolsVersion = 12.4;
					};
				};
			};
			buildConfigurationList = 8483B8CA25E4C135002B13DC /* Build configuration list for PBXProject "LO01" */;
			compatibilityVersion = "Xcode 9.3";
			developmentRegion = en;
			hasScannedForEncodings = 0;
			knownRegions = (
				en,
				Base,
			);
			mainGroup = 8483B8C625E4C135002B13DC;
			productRefGroup = 8483B8D025E4C135002B13DC /* Products */;
			projectDirPath = "";
			projectRoot = "";
			targets = (
				8483B8CE25E4C135002B13DC /* LO01 */,
			);
		};
/* End PBXProject section */

/* Begin PBXSourcesBuildPhase section */
		8483B8CB25E4C135002B13DC /* Sources */ = {
			isa = PBXSourcesBuildPhase;
			buildActionMask = 2147483647;
			files = (
				8483B8D325E4C135002B13DC /* main.cpp in Sources */,
				84E8BCED25F755E900C72624 /* Camera.cpp in Sources */,
				84DBB39225F0BAB90036CA56 /* Shader.cpp in Sources */,
				841564172604DDA400C71C30 /* imgui_impl_opengl3.cpp in Sources */,
				8415641A2604DDA400C71C30 /* imgui_tables.cpp in Sources */,
				8415641B2604DDA400C71C30 /* imgui_demo.cpp in Sources */,
				841564162604DDA400C71C30 /* imgui_draw.cpp in Sources */,
				841564152604DDA400C71C30 /* imgui_widgets.cpp in Sources */,
				8483B8DC25E4C313002B13DC /* glad.c in Sources */,
				841564182604DDA400C71C30 /* imgui_impl_glfw.cpp in Sources */,
				841564192604DDA400C71C30 /* imgui.cpp in Sources */,
			);
			runOnlyForDeploymentPostprocessing = 0;
		};
/* End PBXSourcesBuildPhase section */

/* Begin XCBuildConfiguration section */
		8483B8D425E4C135002B13DC /* Debug */ = {
			isa = XCBuildConfiguration;
			buildSettings = {
				ALWAYS_SEARCH_USER_PATHS = NO;
				CLANG_ANALYZER_NONNULL = YES;
				CLANG_ANALYZER_NUMBER_OBJECT_CONVERSION = YES_AGGRESSIVE;
				CLANG_CXX_LANGUAGE_STANDARD = "c++17";
				CLANG_CXX_LIBRARY = "libc++";
				CLANG_ENABLE_MODULES = YES;
				CLANG_ENABLE_OBJC_ARC = YES;
				CLANG_ENABLE_OBJC_WEAK = YES;
				CLANG_WARN_BLOCK_CAPTURE_AUTORELEASING = YES;
				CLANG_WARN_BOOL_CONVERSION = YES;
				CLANG_WARN_COMMA = YES;
				CLANG_WARN_CONSTANT_CONVERSION = YES;
				CLANG_WARN_DEPRECATED_OBJC_IMPLEMENTATIONS = YES;
				CLANG_WARN_DIRECT_OBJC_ISA_USAGE = YES_ERROR;
				CLANG_WARN_DOCUMENTATION_COMMENTS = YES;
				CLANG_WARN_EMPTY_BODY = YES;
				CLANG_WARN_ENUM_CONVERSION = YES;
				CLANG_WARN_INFINITE_RECURSION = YES;
				CLANG_WARN_INT_CONVERSION = YES;
				CLANG_WARN_NON_LITERAL_NULL_CONVERSION = YES;
				CLANG_WARN_OBJC_IMPLICIT_RETAIN_SELF = YES;
				CLANG_WARN_OBJC_LITERAL_CONVERSION = YES;
				CLANG_WARN_OBJC_ROOT_CLASS = YES_ERROR;
				CLANG_WARN_QUOTED_INCLUDE_IN_FRAMEWORK_HEADER = YES;
				CLANG_WARN_RANGE_LOOP_ANALYSIS = YES;
				CLANG_WARN_STRICT_PROTOTYPES = YES;
				CLANG_WARN_SUSPICIOUS_MOVE = YES;
				CLANG_WARN_UNGUARDED_AVAILABILITY = YES_AGGRESSIVE;
				CLANG_WARN_UNREACHABLE_CODE = YES;
				CLANG_WARN__DUPLICATE_METHOD_MATCH = YES;
				COPY_PHASE_STRIP = NO;
				DEBUG_INFORMATION_FORMAT = dwarf;
				ENABLE_STRICT_OBJC_MSGSEND = YES;
				ENABLE_TESTABILITY = YES;
				GCC_C_LANGUAGE_STANDARD = gnu11;
				GCC_DYNAMIC_NO_PIC = NO;
				GCC_NO_COMMON_BLOCKS = YES;
				GCC_OPTIMIZATION_LEVEL = 0;
				GCC_PREPROCESSOR_DEFINITIONS = (
					"DEBUG=1",
					"$(inherited)",
				);
				GCC_WARN_64_TO_32_BIT_CONVERSION = YES;
				GCC_WARN_ABOUT_RETURN_TYPE = YES_ERROR;
				GCC_WARN_UNDECLARED_SELECTOR = YES;
				GCC_WARN_UNINITIALIZED_AUTOS = YES_AGGRESSIVE;
				GCC_WARN_UNUSED_FUNCTION = YES;
				GCC_WARN_UNUSED_VARIABLE = YES;
				HEADER_SEARCH_PATHS = (
					/usr/local/Cellar/glew/2.2.0_1/include,
					/Users/manmantou/Documents/Mylib/glad/include,
					/usr/local/Cellar/glfw/3.3.2/include,
					/Users/manmantou/Documents/Mylib/glm,
				);
				LIBRARY_SEARCH_PATHS = (
					/usr/local/Cellar/glew/2.2.0_1/lib,
					/usr/local/Cellar/glfw/3.3.2/lib,
				);
				MACOSX_DEPLOYMENT_TARGET = 10.15;
				MTL_ENABLE_DEBUG_INFO = INCLUDE_SOURCE;
				MTL_FAST_MATH = YES;
				ONLY_ACTIVE_ARCH = YES;
				SDKROOT = macosx;
			};
			name = Debug;
		};
		8483B8D525E4C135002B13DC /* Release */ = {
			isa = XCBuildConfiguration;
			buildSettings = {
				ALWAYS_SEARCH_USER_PATHS = NO;
				CLANG_ANALYZER_NONNULL = YES;
				CLANG_ANALYZER_NUMBER_OBJECT_CONVERSION = YES_AGGRESSIVE;
				CLANG_CXX_LANGUAGE_STANDARD = "c++17";
				CLANG_CXX_LIBRARY = "libc++";
				CLANG_ENABLE_MODULES = YES;
				CLANG_ENABLE_OBJC_ARC = YES;
				CLANG_ENABLE_OBJC_WEAK = YES;
				CLANG_WARN_BLOCK_CAPTURE_AUTORELEASING = YES;
				CLANG_WARN_BOOL_CONVERSION = YES;
				CLANG_WARN_COMMA = YES;
				CLANG_WARN_CONSTANT_CONVERSION = YES;
				CLANG_WARN_DEPRECATED_OBJC_IMPLEMENTATIONS = YES;
				CLANG_WARN_DIRECT_OBJC_ISA_USAGE = YES_ERROR;
				CLANG_WARN_DOCUMENTATION_COMMENTS = YES;
				CLANG_WARN_EMPTY_BODY = YES;
				CLANG_WARN_ENUM_CONVERSION = YES;
				CLANG_WARN_INFINITE_RECURSION = YES;
				CLANG_WARN_INT_CONVERSION = YES;
				CLANG_WARN_NON_LITERAL_NULL_CONVERSION = YES;
				CLANG_WARN_OBJC_IMPLICIT_RETAIN_SELF = YES;
				CLANG_WARN_OBJC_LITERAL_CONVERSION = YES;
				CLANG_WARN_OBJC_ROOT_CLASS = YES_ERROR;
				CLANG_WARN_QUOTED_INCLUDE_IN_FRAMEWORK_HEADER = YES;
				CLANG_WARN_RANGE_LOOP_ANALYSIS = YES;
				CLANG_WARN_STRICT_PROTOTYPES = YES;
				CLANG_WARN_SUSPICIOUS_MOVE = YES;
				CLANG_WARN_UNGUARDED_AVAILABILITY = YES_AGGRESSIVE;
				CLANG_WARN_UNREACHABLE_CODE = YES;
				CLANG_WARN__DUPLICATE_METHOD_MATCH = YES;
				COPY_PHASE_STRIP = NO;
				DEBUG_INFORMATION_FORMAT = "dwarf-with-dsym";
				ENABLE_NS_ASSERTIONS = NO;
				ENABLE_STRICT_OBJC_MSGSEND = YES;
				GCC_C_LANGUAGE_STANDARD = gnu11;
				GCC_NO_COMMON_BLOCKS = YES;
				GCC_WARN_64_TO_32_BIT_CONVERSION = YES;
				GCC_WARN_ABOUT_RETURN_TYPE = YES_ERROR;
				GCC_WARN_UNDECLARED_SELECTOR = YES;
				GCC_WARN_UNINITIALIZED_AUTOS = YES_AGGRESSIVE;
				GCC_WARN_UNUSED_FUNCTION = YES;
				GCC_WARN_UNUSED_VARIABLE = YES;
				HEADER_SEARCH_PATHS = (
					/usr/local/Cellar/glew/2.2.0_1/include,
					/Users/manmantou/Documents/Mylib/glad/include,
					/usr/local/Cellar/glfw/3.3.2/include,
					/Users/manmantou/Documents/Mylib/glm,
				);
				LIBRARY_SEARCH_PATHS = (
					/usr/local/Cellar/glew/2.2.0_1/lib,
					/usr/local/Cellar/glfw/3.3.2/lib,
				);
				MACOSX_DEPLOYMENT_TARGET = 10.15;
				MTL_ENABLE_DEBUG_INFO = NO;
				MTL_FAST_MATH = YES;
				SDKROOT = macosx;
			};
			name = Release;
		};
		8483B8D725E4C135002B13DC /* Debug */ = {
			isa = XCBuildConfiguration;
			buildSettings = {
				CODE_SIGN_STYLE = Automatic;
				HEADER_SEARCH_PATHS = "$(inherited)";
				LIBRARY_SEARCH_PATHS = "$(inherited)";
				PRODUCT_NAME = "$(TARGET_NAME)";
			};
			name = Debug;
		};
		8483B8D825E4C135002B13DC /* Release */ = {
			isa = XCBuildConfiguration;
			buildSettings = {
				CODE_SIGN_STYLE = Automatic;
				HEADER_SEARCH_PATHS = "$(inherited)";
				LIBRARY_SEARCH_PATHS = "$(inherited)";
				PRODUCT_NAME = "$(TARGET_NAME)";
			};
			name = Release;
		};
/* End XCBuildConfiguration section */

/* Begin XCConfigurationList section */
		8483B8CA25E4C135002B13DC /* Build configuration list for PBXProject "LO01" */ = {
			isa = XCConfigurationList;
			buildConfigurations = (
				8483B8D425E4C135002B13DC /* Debug */,
				8483B8D525E4C135002B13DC /* Release */,
			);
			defaultConfigurationIsVisible = 0;
			defaultConfigurationName = Release;
		};
		8483B8D625E4C135002B13DC /* Build configuration list for PBXNativeTarget "LO01" */ = {
			isa = XCConfigurationList;
			buildConfigurations = (
				8483B8D725E4C135002B13DC /* Debug */,
				8483B8D825E4C135002B13DC /* Release */,
			);
			defaultConfigurationIsVisible = 0;
			defaultConfigurationName = Release;
		};
/* End XCConfigurationList section */
	};
	rootObject = 8483B8C725E4C135002B13DC /* Project object */;
}
